
Microsoft Visual Studio Solution File, Format Version 11.00
# Visual Studio 2010
Project("{FAE04EC0-301F-11D3-BF4B-00C04F79EFBC}") = "Zenject", "Zenject.csproj", "{4518CE65-F14C-5F0C-9E28-DAA81D14E708}"
EndProject
Project("{FAE04EC0-301F-11D3-BF4B-00C04F79EFBC}") = "Assembly-CSharp", "Assembly-CSharp.csproj", "{5AA66E8A-4FB8-312F-1FEC-F82EC028BA1B}"
EndProject
Project("{FAE04EC0-301F-11D3-BF4B-00C04F79EFBC}") = "Assembly-CSharp-Editor", "Assembly-CSharp-Editor.csproj", "{B39C2DB4-7272-59C5-79EB-5AE289C286F6}"
EndProject
Project("{FAE04EC0-301F-11D3-BF4B-00C04F79EFBC}") = "Zenject-Editor", "Zenject-Editor.csproj", "{D8448E4B-177E-D307-C94A-74943315691C}"
EndProject
Global
	GlobalSection(SolutionConfigurationPlatforms) = preSolution
		Debug|Any CPU = Debug|Any CPU
		Release|Any CPU = Release|Any CPU
	EndGlobalSection
	GlobalSection(ProjectConfigurationPlatforms) = postSolution
		{4518CE65-F14C-5F0C-9E28-DAA81D14E708}.Debug|Any CPU.ActiveCfg = Debug|Any CPU
		{4518CE65-F14C-5F0C-9E28-DAA81D14E708}.Debug|Any CPU.Build.0 = Debug|Any CPU
		{4518CE65-F14C-5F0C-9E28-DAA81D14E708}.Release|Any CPU.ActiveCfg = Release|Any CPU
		{4518CE65-F14C-5F0C-9E28-DAA81D14E708}.Release|Any CPU.Build.0 = Release|Any CPU
		{5AA66E8A-4FB8-312F-1FEC-F82EC028BA1B}.Debug|Any CPU.ActiveCfg = Debug|Any CPU
		{5AA66E8A-4FB8-312F-1FEC-F82EC028BA1B}.Debug|Any CPU.Build.0 = Debug|Any CPU
		{5AA66E8A-4FB8-312F-1FEC-F82EC028BA1B}.Release|Any CPU.ActiveCfg = Release|Any CPU
		{5AA66E8A-4FB8-312F-1FEC-F82EC028BA1B}.Release|Any CPU.Build.0 = Release|Any CPU
		{B39C2DB4-7272-59C5-79EB-5AE289C286F6}.Debug|Any CPU.ActiveCfg = Debug|Any CPU
		{B39C2DB4-7272-59C5-79EB-5AE289C286F6}.Debug|Any CPU.Build.0 = Debug|Any CPU
		{B39C2DB4-7272-59C5-79EB-5AE289C286F6}.Release|Any CPU.ActiveCfg = Release|Any CPU
		{B39C2DB4-7272-59C5-79EB-5AE289C286F6}.Release|Any CPU.Build.0 = Release|Any CPU
		{D8448E4B-177E-D307-C94A-74943315691C}.Debug|Any CPU.ActiveCfg = Debug|Any CPU
		{D8448E4B-177E-D307-C94A-74943315691C}.Debug|Any CPU.Build.0 = Debug|Any CPU
		{D8448E4B-177E-D307-C94A-74943315691C}.Release|Any CPU.ActiveCfg = Release|Any CPU
		{D8448E4B-177E-D307-C94A-74943315691C}.Release|Any CPU.Build.0 = Release|Any CPU
	EndGlobalSection
	GlobalSection(SolutionProperties) = preSolution
		HideSolutionNode = FALSE
	EndGlobalSection
EndGlobal
